
Microsoft Visual Studio Solution File, Format Version 12.00
# Visual Studio Version 17
VisualStudioVersion = 17.10.35027.167
MinimumVisualStudioVersion = 10.0.40219.1
Project("{FAE04EC0-301F-11D3-BF4B-00C04F79EFBC}") = "DatabaseExtract", "DatabaseExtract\DatabaseExtract.csproj", "{6FE6650F-08C2-4F53-A200-B29130035718}"
EndProject
Global
	GlobalSection(SolutionConfigurationPlatforms) = preSolution
		Debug|Any CPU = Debug|Any CPU
		Release|Any CPU = Release|Any CPU
	EndGlobalSection
	GlobalSection(ProjectConfigurationPlatforms) = postSolution
		{6FE6650F-08C2-4F53-A200-B29130035718}.Debug|Any CPU.ActiveCfg = Debug|Any CPU
		{6FE6650F-08C2-4F53-A200-B29130035718}.Debug|Any CPU.Build.0 = Debug|Any CPU
		{6FE6650F-08C2-4F53-A200-B29130035718}.Release|Any CPU.ActiveCfg = Release|Any CPU
		{6FE6650F-08C2-4F53-A200-B29130035718}.Release|Any CPU.Build.0 = Release|Any CPU
	EndGlobalSection
	GlobalSection(SolutionProperties) = preSolution
		HideSolutionNode = FALSE
	EndGlobalSection
	GlobalSection(ExtensibilityGlobals) = postSolution
		SolutionGuid = {8E96B440-EB28-4776-B1F5-1536BE7EFF59}
	EndGlobalSection
EndGlobal
